
Microsoft Visual Studio Solution File, Format Version 12.00
# Visual Studio 15
VisualStudioVersion = 15.0.27703.2026
MinimumVisualStudioVersion = 10.0.40219.1
Project("{FAE04EC0-301F-11D3-BF4B-00C04F79EFBC}") = "BorderedEntry.Android", "BorderedEntry\BorderedEntry.Android\BorderedEntry.Android.csproj", "{1E88F21D-D127-4470-A223-415147AAC7D6}"
EndProject
Project("{FAE04EC0-301F-11D3-BF4B-00C04F79EFBC}") = "BorderedEntry.iOS", "BorderedEntry\BorderedEntry.iOS\BorderedEntry.iOS.csproj", "{0E54151F-7666-4A63-A27C-24C7DD4B8A46}"
EndProject
Project("{FAE04EC0-301F-11D3-BF4B-00C04F79EFBC}") = "BorderedEntry", "BorderedEntry\BorderedEntry\BorderedEntry.csproj", "{3379AB1A-2B90-4200-8233-EB17BAC2F650}"
EndProject
Global
	GlobalSection(SolutionConfigurationPlatforms) = preSolution
		Ad-Hoc|Any CPU = Ad-Hoc|Any CPU
		Ad-Hoc|iPhone = Ad-Hoc|iPhone
		Ad-Hoc|iPhoneSimulator = Ad-Hoc|iPhoneSimulator
		AppStore|Any CPU = AppStore|Any CPU
		AppStore|iPhone = AppStore|iPhone
		AppStore|iPhoneSimulator = AppStore|iPhoneSimulator
		Debug|Any CPU = Debug|Any CPU
		Debug|iPhone = Debug|iPhone
		Debug|iPhoneSimulator = Debug|iPhoneSimulator
		Release|Any CPU = Release|Any CPU
		Release|iPhone = Release|iPhone
		Release|iPhoneSimulator = Release|iPhoneSimulator
	EndGlobalSection
	GlobalSection(ProjectConfigurationPlatforms) = postSolution
		{1E88F21D-D127-4470-A223-415147AAC7D6}.Ad-Hoc|Any CPU.ActiveCfg = Release|Any CPU
		{1E88F21D-D127-4470-A223-415147AAC7D6}.Ad-Hoc|Any CPU.Build.0 = Release|Any CPU
		{1E88F21D-D127-4470-A223-415147AAC7D6}.Ad-Hoc|Any CPU.Deploy.0 = Release|Any CPU
		{1E88F21D-D127-4470-A223-415147AAC7D6}.Ad-Hoc|iPhone.ActiveCfg = Release|Any CPU
		{1E88F21D-D127-4470-A223-415147AAC7D6}.Ad-Hoc|iPhone.Build.0 = Release|Any CPU
		{1E88F21D-D127-4470-A223-415147AAC7D6}.Ad-Hoc|iPhone.Deploy.0 = Release|Any CPU
		{1E88F21D-D127-4470-A223-415147AAC7D6}.Ad-Hoc|iPhoneSimulator.ActiveCfg = Release|Any CPU
		{1E88F21D-D127-4470-A223-415147AAC7D6}.Ad-Hoc|iPhoneSimulator.Build.0 = Release|Any CPU
		{1E88F21D-D127-4470-A223-415147AAC7D6}.Ad-Hoc|iPhoneSimulator.Deploy.0 = Release|Any CPU
		{1E88F21D-D127-4470-A223-415147AAC7D6}.AppStore|Any CPU.ActiveCfg = Release|Any CPU
		{1E88F21D-D127-4470-A223-415147AAC7D6}.AppStore|Any CPU.Build.0 = Release|Any CPU
		{1E88F21D-D127-4470-A223-415147AAC7D6}.AppStore|Any CPU.Deploy.0 = Release|Any CPU
		{1E88F21D-D127-4470-A223-415147AAC7D6}.AppStore|iPhone.ActiveCfg = Release|Any CPU
		{1E88F21D-D127-4470-A223-415147AAC7D6}.AppStore|iPhone.Build.0 = Release|Any CPU
		{1E88F21D-D127-4470-A223-415147AAC7D6}.AppStore|iPhone.Deploy.0 = Release|Any CPU
		{1E88F21D-D127-4470-A223-415147AAC7D6}.AppStore|iPhoneSimulator.ActiveCfg = Release|Any CPU
		{1E88F21D-D127-4470-A223-415147AAC7D6}.AppStore|iPhoneSimulator.Build.0 = Release|Any CPU
		{1E88F21D-D127-4470-A223-415147AAC7D6}.AppStore|iPhoneSimulator.Deploy.0 = Release|Any CPU
		{1E88F21D-D127-4470-A223-415147AAC7D6}.Debug|Any CPU.ActiveCfg = Debug|Any CPU
		{1E88F21D-D127-4470-A223-415147AAC7D6}.Debug|Any CPU.Build.0 = Debug|Any CPU
		{1E88F21D-D127-4470-A223-415147AAC7D6}.Debug|Any CPU.Deploy.0 = Debug|Any CPU
		{1E88F21D-D127-4470-A223-415147AAC7D6}.Debug|iPhone.ActiveCfg = Debug|Any CPU
		{1E88F21D-D127-4470-A223-415147AAC7D6}.Debug|iPhone.Build.0 = Debug|Any CPU
		{1E88F21D-D127-4470-A223-415147AAC7D6}.Debug|iPhone.Deploy.0 = Debug|Any CPU
		{1E88F21D-D127-4470-A223-415147AAC7D6}.Debug|iPhoneSimulator.ActiveCfg = Debug|Any CPU
		{1E88F21D-D127-4470-A223-415147AAC7D6}.Debug|iPhoneSimulator.Build.0 = Debug|Any CPU
		{1E88F21D-D127-4470-A223-415147AAC7D6}.Debug|iPhoneSimulator.Deploy.0 = Debug|Any CPU
		{1E88F21D-D127-4470-A223-415147AAC7D6}.Release|Any CPU.ActiveCfg = Release|Any CPU
		{1E88F21D-D127-4470-A223-415147AAC7D6}.Release|Any CPU.Build.0 = Release|Any CPU
		{1E88F21D-D127-4470-A223-415147AAC7D6}.Release|Any CPU.Deploy.0 = Release|Any CPU
		{1E88F21D-D127-4470-A223-415147AAC7D6}.Release|iPhone.ActiveCfg = Release|Any CPU
		{1E88F21D-D127-4470-A223-415147AAC7D6}.Release|iPhone.Build.0 = Release|Any CPU
		{1E88F21D-D127-4470-A223-415147AAC7D6}.Release|iPhone.Deploy.0 = Release|Any CPU
		{1E88F21D-D127-4470-A223-415147AAC7D6}.Release|iPhoneSimulator.ActiveCfg = Release|Any CPU
		{1E88F21D-D127-4470-A223-415147AAC7D6}.Release|iPhoneSimulator.Build.0 = Release|Any CPU
		{1E88F21D-D127-4470-A223-415147AAC7D6}.Release|iPhoneSimulator.Deploy.0 = Release|Any CPU
		{0E54151F-7666-4A63-A27C-24C7DD4B8A46}.Ad-Hoc|Any CPU.ActiveCfg = Ad-Hoc|iPhone
		{0E54151F-7666-4A63-A27C-24C7DD4B8A46}.Ad-Hoc|Any CPU.Build.0 = Ad-Hoc|iPhone
		{0E54151F-7666-4A63-A27C-24C7DD4B8A46}.Ad-Hoc|Any CPU.Deploy.0 = Ad-Hoc|iPhone
		{0E54151F-7666-4A63-A27C-24C7DD4B8A46}.Ad-Hoc|iPhone.ActiveCfg = Ad-Hoc|iPhone
		{0E54151F-7666-4A63-A27C-24C7DD4B8A46}.Ad-Hoc|iPhone.Build.0 = Ad-Hoc|iPhone
		{0E54151F-7666-4A63-A27C-24C7DD4B8A46}.Ad-Hoc|iPhone.Deploy.0 = Ad-Hoc|iPhone
		{0E54151F-7666-4A63-A27C-24C7DD4B8A46}.Ad-Hoc|iPhoneSimulator.ActiveCfg = Ad-Hoc|iPhoneSimulator
		{0E54151F-7666-4A63-A27C-24C7DD4B8A46}.Ad-Hoc|iPhoneSimulator.Build.0 = Ad-Hoc|iPhoneSimulator
		{0E54151F-7666-4A63-A27C-24C7DD4B8A46}.Ad-Hoc|iPhoneSimulator.Deploy.0 = Ad-Hoc|iPhoneSimulator
		{0E54151F-7666-4A63-A27C-24C7DD4B8A46}.AppStore|Any CPU.ActiveCfg = AppStore|iPhone
		{0E54151F-7666-4A63-A27C-24C7DD4B8A46}.AppStore|Any CPU.Build.0 = AppStore|iPhone
		{0E54151F-7666-4A63-A27C-24C7DD4B8A46}.AppStore|Any CPU.Deploy.0 = AppStore|iPhone
		{0E54151F-7666-4A63-A27C-24C7DD4B8A46}.AppStore|iPhone.ActiveCfg = AppStore|iPhone
		{0E54151F-7666-4A63-A27C-24C7DD4B8A46}.AppStore|iPhone.Build.0 = AppStore|iPhone
		{0E54151F-7666-4A63-A27C-24C7DD4B8A46}.AppStore|iPhone.Deploy.0 = AppStore|iPhone
		{0E54151F-7666-4A63-A27C-24C7DD4B8A46}.AppStore|iPhoneSimulator.ActiveCfg = AppStore|iPhoneSimulator
		{0E54151F-7666-4A63-A27C-24C7DD4B8A46}.AppStore|iPhoneSimulator.Build.0 = AppStore|iPhoneSimulator
		{0E54151F-7666-4A63-A27C-24C7DD4B8A46}.AppStore|iPhoneSimulator.Deploy.0 = AppStore|iPhoneSimulator
		{0E54151F-7666-4A63-A27C-24C7DD4B8A46}.Debug|Any CPU.ActiveCfg = Debug|iPhoneSimulator
		{0E54151F-7666-4A63-A27C-24C7DD4B8A46}.Debug|Any CPU.Build.0 = Debug|iPhoneSimulator
		{0E54151F-7666-4A63-A27C-24C7DD4B8A46}.Debug|Any CPU.Deploy.0 = Debug|iPhoneSimulator
		{0E54151F-7666-4A63-A27C-24C7DD4B8A46}.Debug|iPhone.ActiveCfg = Debug|iPhone
		{0E54151F-7666-4A63-A27C-24C7DD4B8A46}.Debug|iPhone.Build.0 = Debug|iPhone
		{0E54151F-7666-4A63-A27C-24C7DD4B8A46}.Debug|iPhone.Deploy.0 = Debug|iPhone
		{0E54151F-7666-4A63-A27C-24C7DD4B8A46}.Debug|iPhoneSimulator.ActiveCfg = Debug|iPhoneSimulator
		{0E54151F-7666-4A63-A27C-24C7DD4B8A46}.Debug|iPhoneSimulator.Build.0 = Debug|iPhoneSimulator
		{0E54151F-7666-4A63-A27C-24C7DD4B8A46}.Debug|iPhoneSimulator.Deploy.0 = Debug|iPhoneSimulator
		{0E54151F-7666-4A63-A27C-24C7DD4B8A46}.Release|Any CPU.ActiveCfg = Release|iPhone
		{0E54151F-7666-4A63-A27C-24C7DD4B8A46}.Release|Any CPU.Build.0 = Release|iPhone
		{0E54151F-7666-4A63-A27C-24C7DD4B8A46}.Release|Any CPU.Deploy.0 = Release|iPhone
		{0E54151F-7666-4A63-A27C-24C7DD4B8A46}.Release|iPhone.ActiveCfg = Release|iPhone
		{0E54151F-7666-4A63-A27C-24C7DD4B8A46}.Release|iPhone.Build.0 = Release|iPhone
		{0E54151F-7666-4A63-A27C-24C7DD4B8A46}.Release|iPhone.Deploy.0 = Release|iPhone
		{0E54151F-7666-4A63-A27C-24C7DD4B8A46}.Release|iPhoneSimulator.ActiveCfg = Release|iPhoneSimulator
		{0E54151F-7666-4A63-A27C-24C7DD4B8A46}.Release|iPhoneSimulator.Build.0 = Release|iPhoneSimulator
		{0E54151F-7666-4A63-A27C-24C7DD4B8A46}.Release|iPhoneSimulator.Deploy.0 = Release|iPhoneSimulator
		{3379AB1A-2B90-4200-8233-EB17BAC2F650}.Ad-Hoc|Any CPU.ActiveCfg = Debug|Any CPU
		{3379AB1A-2B90-4200-8233-EB17BAC2F650}.Ad-Hoc|Any CPU.Build.0 = Debug|Any CPU
		{3379AB1A-2B90-4200-8233-EB17BAC2F650}.Ad-Hoc|Any CPU.Deploy.0 = Debug|Any CPU
		{3379AB1A-2B90-4200-8233-EB17BAC2F650}.Ad-Hoc|iPhone.ActiveCfg = Debug|Any CPU
		{3379AB1A-2B90-4200-8233-EB17BAC2F650}.Ad-Hoc|iPhone.Build.0 = Debug|Any CPU
		{3379AB1A-2B90-4200-8233-EB17BAC2F650}.Ad-Hoc|iPhone.Deploy.0 = Debug|Any CPU
		{3379AB1A-2B90-4200-8233-EB17BAC2F650}.Ad-Hoc|iPhoneSimulator.ActiveCfg = Debug|Any CPU
		{3379AB1A-2B90-4200-8233-EB17BAC2F650}.Ad-Hoc|iPhoneSimulator.Build.0 = Debug|Any CPU
		{3379AB1A-2B90-4200-8233-EB17BAC2F650}.Ad-Hoc|iPhoneSimulator.Deploy.0 = Debug|Any CPU
		{3379AB1A-2B90-4200-8233-EB17BAC2F650}.AppStore|Any CPU.ActiveCfg = Debug|Any CPU
		{3379AB1A-2B90-4200-8233-EB17BAC2F650}.AppStore|Any CPU.Build.0 = Debug|Any CPU
		{3379AB1A-2B90-4200-8233-EB17BAC2F650}.AppStore|Any CPU.Deploy.0 = Debug|Any CPU
		{3379AB1A-2B90-4200-8233-EB17BAC2F650}.AppStore|iPhone.ActiveCfg = Debug|Any CPU
		{3379AB1A-2B90-4200-8233-EB17BAC2F650}.AppStore|iPhone.Build.0 = Debug|Any CPU
		{3379AB1A-2B90-4200-8233-EB17BAC2F650}.AppStore|iPhone.Deploy.0 = Debug|Any CPU
		{3379AB1A-2B90-4200-8233-EB17BAC2F650}.AppStore|iPhoneSimulator.ActiveCfg = Debug|Any CPU
		{3379AB1A-2B90-4200-8233-EB17BAC2F650}.AppStore|iPhoneSimulator.Build.0 = Debug|Any CPU
		{3379AB1A-2B90-4200-8233-EB17BAC2F650}.AppStore|iPhoneSimulator.Deploy.0 = Debug|Any CPU
		{3379AB1A-2B90-4200-8233-EB17BAC2F650}.Debug|Any CPU.ActiveCfg = Debug|Any CPU
		{3379AB1A-2B90-4200-8233-EB17BAC2F650}.Debug|Any CPU.Build.0 = Debug|Any CPU
		{3379AB1A-2B90-4200-8233-EB17BAC2F650}.Debug|Any CPU.Deploy.0 = Debug|Any CPU
		{3379AB1A-2B90-4200-8233-EB17BAC2F650}.Debug|iPhone.ActiveCfg = Debug|Any CPU
		{3379AB1A-2B90-4200-8233-EB17BAC2F650}.Debug|iPhone.Build.0 = Debug|Any CPU
		{3379AB1A-2B90-4200-8233-EB17BAC2F650}.Debug|iPhone.Deploy.0 = Debug|Any CPU
		{3379AB1A-2B90-4200-8233-EB17BAC2F650}.Debug|iPhoneSimulator.ActiveCfg = Debug|Any CPU
		{3379AB1A-2B90-4200-8233-EB17BAC2F650}.Debug|iPhoneSimulator.Build.0 = Debug|Any CPU
		{3379AB1A-2B90-4200-8233-EB17BAC2F650}.Debug|iPhoneSimulator.Deploy.0 = Debug|Any CPU
		{3379AB1A-2B90-4200-8233-EB17BAC2F650}.Release|Any CPU.ActiveCfg = Release|Any CPU
		{3379AB1A-2B90-4200-8233-EB17BAC2F650}.Release|Any CPU.Build.0 = Release|Any CPU
		{3379AB1A-2B90-4200-8233-EB17BAC2F650}.Release|Any CPU.Deploy.0 = Release|Any CPU
		{3379AB1A-2B90-4200-8233-EB17BAC2F650}.Release|iPhone.ActiveCfg = Release|Any CPU
		{3379AB1A-2B90-4200-8233-EB17BAC2F650}.Release|iPhone.Build.0 = Release|Any CPU
		{3379AB1A-2B90-4200-8233-EB17BAC2F650}.Release|iPhone.Deploy.0 = Release|Any CPU
		{3379AB1A-2B90-4200-8233-EB17BAC2F650}.Release|iPhoneSimulator.ActiveCfg = Release|Any CPU
		{3379AB1A-2B90-4200-8233-EB17BAC2F650}.Release|iPhoneSimulator.Build.0 = Release|Any CPU
		{3379AB1A-2B90-4200-8233-EB17BAC2F650}.Release|iPhoneSimulator.Deploy.0 = Release|Any CPU
	EndGlobalSection
	GlobalSection(SolutionProperties) = preSolution
		HideSolutionNode = FALSE
	EndGlobalSection
	GlobalSection(ExtensibilityGlobals) = postSolution
		SolutionGuid = {63302375-025F-4789-AE34-1643B61A989B}
	EndGlobalSection
EndGlobal
